// !$*UTF8*$!
{
	archiveVersion = 1;
	classes = {
	};
	objectVersion = 46;
	objects = {

/* Begin PBXBuildFile section */
		3CB2C1FD1D271F9A008A3433 /* AppDelegate.swift in Sources */ = {isa = PBXBuildFile; fileRef = 3CB2C1FC1D271F9A008A3433 /* AppDelegate.swift */; };
		3CB2C1FF1D271F9A008A3433 /* ViewController.swift in Sources */ = {isa = PBXBuildFile; fileRef = 3CB2C1FE1D271F9A008A3433 /* ViewController.swift */; };
		3CB2C2021D271F9A008A3433 /* Main.storyboard in Resources */ = {isa = PBXBuildFile; fileRef = 3CB2C2001D271F9A008A3433 /* Main.storyboard */; };
		3CB2C2041D271F9A008A3433 /* Assets.xcassets in Resources */ = {isa = PBXBuildFile; fileRef = 3CB2C2031D271F9A008A3433 /* Assets.xcassets */; };
		3CB2C2071D271F9A008A3433 /* LaunchScreen.storyboard in Resources */ = {isa = PBXBuildFile; fileRef = 3CB2C2051D271F9A008A3433 /* LaunchScreen.storyboard */; };
		3CB2C2121D271F9A008A3433 /* MemeMeTests.swift in Sources */ = {isa = PBXBuildFile; fileRef = 3CB2C2111D271F9A008A3433 /* MemeMeTests.swift */; };
		3CB2C21D1D271F9B008A3433 /* MemeMeUITests.swift in Sources */ = {isa = PBXBuildFile; fileRef = 3CB2C21C1D271F9B008A3433 /* MemeMeUITests.swift */; };
		3CB2C22B1D28B439008A3433 /* Impact.ttf in Resources */ = {isa = PBXBuildFile; fileRef = 3CB2C22A1D28B439008A3433 /* Impact.ttf */; };
/* End PBXBuildFile section */

/* Begin PBXContainerItemProxy section */
		3CB2C20E1D271F9A008A3433 /* PBXContainerItemProxy */ = {
			isa = PBXContainerItemProxy;
			containerPortal = 3CB2C1F11D271F9A008A3433 /* Project object */;
			proxyType = 1;
			remoteGlobalIDString = 3CB2C1F81D271F9A008A3433;
			remoteInfo = imagePicker;
		};
		3CB2C2191D271F9B008A3433 /* PBXContainerItemProxy */ = {
			isa = PBXContainerItemProxy;
			containerPortal = 3CB2C1F11D271F9A008A3433 /* Project object */;
			proxyType = 1;
			remoteGlobalIDString = 3CB2C1F81D271F9A008A3433;
			remoteInfo = imagePicker;
		};
/* End PBXContainerItemProxy section */

/* Begin PBXFileReference section */
		3CB2C1F91D271F9A008A3433 /* MemeMe.app */ = {isa = PBXFileReference; explicitFileType = wrapper.application; includeInIndex = 0; path = MemeMe.app; sourceTree = BUILT_PRODUCTS_DIR; };
		3CB2C1FC1D271F9A008A3433 /* AppDelegate.swift */ = {isa = PBXFileReference; lastKnownFileType = sourcecode.swift; path = AppDelegate.swift; sourceTree = "<group>"; };
		3CB2C1FE1D271F9A008A3433 /* ViewController.swift */ = {isa = PBXFileReference; lastKnownFileType = sourcecode.swift; path = ViewController.swift; sourceTree = "<group>"; };
		3CB2C2011D271F9A008A3433 /* Base */ = {isa = PBXFileReference; lastKnownFileType = file.storyboard; name = Base; path = Base.lproj/Main.storyboard; sourceTree = "<group>"; };
		3CB2C2031D271F9A008A3433 /* Assets.xcassets */ = {isa = PBXFileReference; lastKnownFileType = folder.assetcatalog; path = Assets.xcassets; sourceTree = "<group>"; };
		3CB2C2061D271F9A008A3433 /* Base */ = {isa = PBXFileReference; lastKnownFileType = file.storyboard; name = Base; path = Base.lproj/LaunchScreen.storyboard; sourceTree = "<group>"; };
		3CB2C2081D271F9A008A3433 /* Info.plist */ = {isa = PBXFileReference; lastKnownFileType = text.plist.xml; path = Info.plist; sourceTree = "<group>"; };
		3CB2C20D1D271F9A008A3433 /* MemeMe.xctest */ = {isa = PBXFileReference; explicitFileType = wrapper.cfbundle; includeInIndex = 0; path = MemeMe.xctest; sourceTree = BUILT_PRODUCTS_DIR; };
		3CB2C2111D271F9A008A3433 /* MemeMeTests.swift */ = {isa = PBXFileReference; lastKnownFileType = sourcecode.swift; path = MemeMeTests.swift; sourceTree = "<group>"; };
		3CB2C2131D271F9A008A3433 /* Info.plist */ = {isa = PBXFileReference; lastKnownFileType = text.plist.xml; path = Info.plist; sourceTree = "<group>"; };
		3CB2C2181D271F9A008A3433 /* MemeMe.xctest */ = {isa = PBXFileReference; explicitFileType = wrapper.cfbundle; includeInIndex = 0; path = MemeMe.xctest; sourceTree = BUILT_PRODUCTS_DIR; };
		3CB2C21C1D271F9B008A3433 /* MemeMeUITests.swift */ = {isa = PBXFileReference; lastKnownFileType = sourcecode.swift; path = MemeMeUITests.swift; sourceTree = "<group>"; };
		3CB2C21E1D271F9B008A3433 /* Info.plist */ = {isa = PBXFileReference; lastKnownFileType = text.plist.xml; path = Info.plist; sourceTree = "<group>"; };
		3CB2C22A1D28B439008A3433 /* Impact.ttf */ = {isa = PBXFileReference; lastKnownFileType = file; path = Impact.ttf; sourceTree = "<group>"; };
/* End PBXFileReference section */

/* Begin PBXFrameworksBuildPhase section */
		3CB2C1F61D271F9A008A3433 /* Frameworks */ = {
			isa = PBXFrameworksBuildPhase;
			buildActionMask = 2147483647;
			files = (
			);
			runOnlyForDeploymentPostprocessing = 0;
		};
		3CB2C20A1D271F9A008A3433 /* Frameworks */ = {
			isa = PBXFrameworksBuildPhase;
			buildActionMask = 2147483647;
			files = (
			);
			runOnlyForDeploymentPostprocessing = 0;
		};
		3CB2C2151D271F9A008A3433 /* Frameworks */ = {
			isa = PBXFrameworksBuildPhase;
			buildActionMask = 2147483647;
			files = (
			);
			runOnlyForDeploymentPostprocessing = 0;
		};
/* End PBXFrameworksBuildPhase section */

/* Begin PBXGroup section */
		3CB2C1F01D271F9A008A3433 = {
			isa = PBXGroup;
			children = (
				3CB2C1FB1D271F9A008A3433 /* MemeMe */,
				3CB2C2101D271F9A008A3433 /* MemeMeTests */,
				3CB2C21B1D271F9B008A3433 /* MemeMeUITests */,
				3CB2C1FA1D271F9A008A3433 /* Products */,
			);
			sourceTree = "<group>";
		};
		3CB2C1FA1D271F9A008A3433 /* Products */ = {
			isa = PBXGroup;
			children = (
				3CB2C1F91D271F9A008A3433 /* MemeMe.app */,
				3CB2C20D1D271F9A008A3433 /* MemeMe.xctest */,
				3CB2C2181D271F9A008A3433 /* MemeMe.xctest */,
			);
			name = Products;
			sourceTree = "<group>";
		};
		3CB2C1FB1D271F9A008A3433 /* MemeMe */ = {
			isa = PBXGroup;
			children = (
				3CB2C22A1D28B439008A3433 /* Impact.ttf */,
				3CB2C1FC1D271F9A008A3433 /* AppDelegate.swift */,
				3CB2C1FE1D271F9A008A3433 /* ViewController.swift */,
				3CB2C2001D271F9A008A3433 /* Main.storyboard */,
				3CB2C2031D271F9A008A3433 /* Assets.xcassets */,
				3CB2C2051D271F9A008A3433 /* LaunchScreen.storyboard */,
				3CB2C2081D271F9A008A3433 /* Info.plist */,
			);
			name = MemeMe;
			path = imagePicker;
			sourceTree = "<group>";
		};
		3CB2C2101D271F9A008A3433 /* MemeMeTests */ = {
			isa = PBXGroup;
			children = (
				3CB2C2111D271F9A008A3433 /* MemeMeTests.swift */,
				3CB2C2131D271F9A008A3433 /* Info.plist */,
			);
			name = MemeMeTests;
			path = imagePickerTests;
			sourceTree = "<group>";
		};
		3CB2C21B1D271F9B008A3433 /* MemeMeUITests */ = {
			isa = PBXGroup;
			children = (
				3CB2C21C1D271F9B008A3433 /* MemeMeUITests.swift */,
				3CB2C21E1D271F9B008A3433 /* Info.plist */,
			);
			name = MemeMeUITests;
			path = imagePickerUITests;
			sourceTree = "<group>";
		};
/* End PBXGroup section */

/* Begin PBXNativeTarget section */
		3CB2C1F81D271F9A008A3433 /* MemeMe */ = {
			isa = PBXNativeTarget;
			buildConfigurationList = 3CB2C2211D271F9B008A3433 /* Build configuration list for PBXNativeTarget "MemeMe" */;
			buildPhases = (
				3CB2C1F51D271F9A008A3433 /* Sources */,
				3CB2C1F61D271F9A008A3433 /* Frameworks */,
				3CB2C1F71D271F9A008A3433 /* Resources */,
			);
			buildRules = (
			);
			dependencies = (
			);
			name = MemeMe;
			productName = imagePicker;
			productReference = 3CB2C1F91D271F9A008A3433 /* MemeMe.app */;
			productType = "com.apple.product-type.application";
		};
		3CB2C20C1D271F9A008A3433 /* MemeMeTests */ = {
			isa = PBXNativeTarget;
			buildConfigurationList = 3CB2C2241D271F9B008A3433 /* Build configuration list for PBXNativeTarget "MemeMeTests" */;
			buildPhases = (
				3CB2C2091D271F9A008A3433 /* Sources */,
				3CB2C20A1D271F9A008A3433 /* Frameworks */,
				3CB2C20B1D271F9A008A3433 /* Resources */,
			);
			buildRules = (
			);
			dependencies = (
				3CB2C20F1D271F9A008A3433 /* PBXTargetDependency */,
			);
			name = MemeMeTests;
			productName = imagePickerTests;
			productReference = 3CB2C20D1D271F9A008A3433 /* MemeMe.xctest */;
			productType = "com.apple.product-type.bundle.unit-test";
		};
		3CB2C2171D271F9A008A3433 /* MemeMeUITests */ = {
			isa = PBXNativeTarget;
			buildConfigurationList = 3CB2C2271D271F9B008A3433 /* Build configuration list for PBXNativeTarget "MemeMeUITests" */;
			buildPhases = (
				3CB2C2141D271F9A008A3433 /* Sources */,
				3CB2C2151D271F9A008A3433 /* Frameworks */,
				3CB2C2161D271F9A008A3433 /* Resources */,
			);
			buildRules = (
			);
			dependencies = (
				3CB2C21A1D271F9B008A3433 /* PBXTargetDependency */,
			);
			name = MemeMeUITests;
			productName = imagePickerUITests;
			productReference = 3CB2C2181D271F9A008A3433 /* MemeMe.xctest */;
			productType = "com.apple.product-type.bundle.ui-testing";
		};
/* End PBXNativeTarget section */

/* Begin PBXProject section */
		3CB2C1F11D271F9A008A3433 /* Project object */ = {
			isa = PBXProject;
			attributes = {
				LastSwiftUpdateCheck = 0730;
				LastUpgradeCheck = 0730;
				ORGANIZATIONNAME = "Ian MacFarlane";
				TargetAttributes = {
					3CB2C1F81D271F9A008A3433 = {
						CreatedOnToolsVersion = 7.3.1;
						DevelopmentTeam = V4N432UU4G;
					};
					3CB2C20C1D271F9A008A3433 = {
						CreatedOnToolsVersion = 7.3.1;
						DevelopmentTeam = V4N432UU4G;
						TestTargetID = 3CB2C1F81D271F9A008A3433;
					};
					3CB2C2171D271F9A008A3433 = {
						CreatedOnToolsVersion = 7.3.1;
						DevelopmentTeam = V4N432UU4G;
						TestTargetID = 3CB2C1F81D271F9A008A3433;
					};
				};
			};
			buildConfigurationList = 3CB2C1F41D271F9A008A3433 /* Build configuration list for PBXProject "MemeMe" */;
			compatibilityVersion = "Xcode 3.2";
			developmentRegion = English;
			hasScannedForEncodings = 0;
			knownRegions = (
				en,
				Base,
			);
			mainGroup = 3CB2C1F01D271F9A008A3433;
			productRefGroup = 3CB2C1FA1D271F9A008A3433 /* Products */;
			projectDirPath = "";
			projectRoot = "";
			targets = (
				3CB2C1F81D271F9A008A3433 /* MemeMe */,
				3CB2C20C1D271F9A008A3433 /* MemeMeTests */,
				3CB2C2171D271F9A008A3433 /* MemeMeUITests */,
			);
		};
/* End PBXProject section */

/* Begin PBXResourcesBuildPhase section */
		3CB2C1F71D271F9A008A3433 /* Resources */ = {
			isa = PBXResourcesBuildPhase;
			buildActionMask = 2147483647;
			files = (
				3CB2C22B1D28B439008A3433 /* Impact.ttf in Resources */,
				3CB2C2071D271F9A008A3433 /* LaunchScreen.storyboard in Resources */,
				3CB2C2041D271F9A008A3433 /* Assets.xcassets in Resources */,
				3CB2C2021D271F9A008A3433 /* Main.storyboard in Resources */,
			);
			runOnlyForDeploymentPostprocessing = 0;
		};
		3CB2C20B1D271F9A008A3433 /* Resources */ = {
			isa = PBXResourcesBuildPhase;
			buildActionMask = 2147483647;
			files = (
			);
			runOnlyForDeploymentPostprocessing = 0;
		};
		3CB2C2161D271F9A008A3433 /* Resources */ = {
			isa = PBXResourcesBuildPhase;
			buildActionMask = 2147483647;
			files = (
			);
			runOnlyForDeploymentPostprocessing = 0;
		};
/* End PBXResourcesBuildPhase section */

/* Begin PBXSourcesBuildPhase section */
		3CB2C1F51D271F9A008A3433 /* Sources */ = {
			isa = PBXSourcesBuildPhase;
			buildActionMask = 2147483647;
			files = (
				3CB2C1FF1D271F9A008A3433 /* ViewController.swift in Sources */,
				3CB2C1FD1D271F9A008A3433 /* AppDelegate.swift in Sources */,
			);
			runOnlyForDeploymentPostprocessing = 0;
		};
		3CB2C2091D271F9A008A3433 /* Sources */ = {
			isa = PBXSourcesBuildPhase;
			buildActionMask = 2147483647;
			files = (
				3CB2C2121D271F9A008A3433 /* MemeMeTests.swift in Sources */,
			);
			runOnlyForDeploymentPostprocessing = 0;
		};
		3CB2C2141D271F9A008A3433 /* Sources */ = {
			isa = PBXSourcesBuildPhase;
			buildActionMask = 2147483647;
			files = (
				3CB2C21D1D271F9B008A3433 /* MemeMeUITests.swift in Sources */,
			);
			runOnlyForDeploymentPostprocessing = 0;
		};
/* End PBXSourcesBuildPhase section */

/* Begin PBXTargetDependency section */
		3CB2C20F1D271F9A008A3433 /* PBXTargetDependency */ = {
			isa = PBXTargetDependency;
			target = 3CB2C1F81D271F9A008A3433 /* MemeMe */;
			targetProxy = 3CB2C20E1D271F9A008A3433 /* PBXContainerItemProxy */;
		};
		3CB2C21A1D271F9B008A3433 /* PBXTargetDependency */ = {
			isa = PBXTargetDependency;
			target = 3CB2C1F81D271F9A008A3433 /* MemeMe */;
			targetProxy = 3CB2C2191D271F9B008A3433 /* PBXContainerItemProxy */;
		};
/* End PBXTargetDependency section */

/* Begin PBXVariantGroup section */
		3CB2C2001D271F9A008A3433 /* Main.storyboard */ = {
			isa = PBXVariantGroup;
			children = (
				3CB2C2011D271F9A008A3433 /* Base */,
			);
			name = Main.storyboard;
			sourceTree = "<group>";
		};
		3CB2C2051D271F9A008A3433 /* LaunchScreen.storyboard */ = {
			isa = PBXVariantGroup;
			children = (
				3CB2C2061D271F9A008A3433 /* Base */,
			);
			name = LaunchScreen.storyboard;
			sourceTree = "<group>";
		};
/* End PBXVariantGroup section */

/* Begin XCBuildConfiguration section */
		3CB2C21F1D271F9B008A3433 /* Debug */ = {
			isa = XCBuildConfiguration;
			buildSettings = {
				ALWAYS_SEARCH_USER_PATHS = NO;
				CLANG_ANALYZER_NONNULL = YES;
				CLANG_CXX_LANGUAGE_STANDARD = "gnu++0x";
				CLANG_CXX_LIBRARY = "libc++";
				CLANG_ENABLE_MODULES = YES;
				CLANG_ENABLE_OBJC_ARC = YES;
				CLANG_WARN_BOOL_CONVERSION = YES;
				CLANG_WARN_CONSTANT_CONVERSION = YES;
				CLANG_WARN_DIRECT_OBJC_ISA_USAGE = YES_ERROR;
				CLANG_WARN_EMPTY_BODY = YES;
				CLANG_WARN_ENUM_CONVERSION = YES;
				CLANG_WARN_INT_CONVERSION = YES;
				CLANG_WARN_OBJC_ROOT_CLASS = YES_ERROR;
				CLANG_WARN_UNREACHABLE_CODE = YES;
				CLANG_WARN__DUPLICATE_METHOD_MATCH = YES;
				"CODE_SIGN_IDENTITY[sdk=iphoneos*]" = "iPhone Developer";
				COPY_PHASE_STRIP = NO;
				DEBUG_INFORMATION_FORMAT = dwarf;
				ENABLE_STRICT_OBJC_MSGSEND = YES;
				ENABLE_TESTABILITY = YES;
				GCC_C_LANGUAGE_STANDARD = gnu99;
				GCC_DYNAMIC_NO_PIC = NO;
				GCC_NO_COMMON_BLOCKS = YES;
				GCC_OPTIMIZATION_LEVEL = 0;
				GCC_PREPROCESSOR_DEFINITIONS = (
					"DEBUG=1",
					"$(inherited)",
				);
				GCC_WARN_64_TO_32_BIT_CONVERSION = YES;
				GCC_WARN_ABOUT_RETURN_TYPE = YES_ERROR;
				GCC_WARN_UNDECLARED_SELECTOR = YES;
				GCC_WARN_UNINITIALIZED_AUTOS = YES_AGGRESSIVE;
				GCC_WARN_UNUSED_FUNCTION = YES;
				GCC_WARN_UNUSED_VARIABLE = YES;
				IPHONEOS_DEPLOYMENT_TARGET = 9.3;
				MTL_ENABLE_DEBUG_INFO = YES;
				ONLY_ACTIVE_ARCH = YES;
				SDKROOT = iphoneos;
				SWIFT_OPTIMIZATION_LEVEL = "-Onone";
				TARGETED_DEVICE_FAMILY = "1,2";
			};
			name = Debug;
		};
		3CB2C2201D271F9B008A3433 /* Release */ = {
			isa = XCBuildConfiguration;
			buildSettings = {
				ALWAYS_SEARCH_USER_PATHS = NO;
				CLANG_ANALYZER_NONNULL = YES;
				CLANG_CXX_LANGUAGE_STANDARD = "gnu++0x";
				CLANG_CXX_LIBRARY = "libc++";
				CLANG_ENABLE_MODULES = YES;
				CLANG_ENABLE_OBJC_ARC = YES;
				CLANG_WARN_BOOL_CONVERSION = YES;
				CLANG_WARN_CONSTANT_CONVERSION = YES;
				CLANG_WARN_DIRECT_OBJC_ISA_USAGE = YES_ERROR;
				CLANG_WARN_EMPTY_BODY = YES;
				CLANG_WARN_ENUM_CONVERSION = YES;
				CLANG_WARN_INT_CONVERSION = YES;
				CLANG_WARN_OBJC_ROOT_CLASS = YES_ERROR;
				CLANG_WARN_UNREACHABLE_CODE = YES;
				CLANG_WARN__DUPLICATE_METHOD_MATCH = YES;
				"CODE_SIGN_IDENTITY[sdk=iphoneos*]" = "iPhone Developer";
				COPY_PHASE_STRIP = NO;
				DEBUG_INFORMATION_FORMAT = "dwarf-with-dsym";
				ENABLE_NS_ASSERTIONS = NO;
				ENABLE_STRICT_OBJC_MSGSEND = YES;
				GCC_C_LANGUAGE_STANDARD = gnu99;
				GCC_NO_COMMON_BLOCKS = YES;
				GCC_WARN_64_TO_32_BIT_CONVERSION = YES;
				GCC_WARN_ABOUT_RETURN_TYPE = YES_ERROR;
				GCC_WARN_UNDECLARED_SELECTOR = YES;
				GCC_WARN_UNINITIALIZED_AUTOS = YES_AGGRESSIVE;
				GCC_WARN_UNUSED_FUNCTION = YES;
				GCC_WARN_UNUSED_VARIABLE = YES;
				IPHONEOS_DEPLOYMENT_TARGET = 9.3;
				MTL_ENABLE_DEBUG_INFO = NO;
				SDKROOT = iphoneos;
				TARGETED_DEVICE_FAMILY = "1,2";
				VALIDATE_PRODUCT = YES;
			};
			name = Release;
		};
		3CB2C2221D271F9B008A3433 /* Debug */ = {
			isa = XCBuildConfiguration;
			buildSettings = {
				ASSETCATALOG_COMPILER_APPICON_NAME = AppIcon;
				CODE_SIGN_IDENTITY = "iPhone Developer";
				INFOPLIST_FILE = imagePicker/Info.plist;
				LD_RUNPATH_SEARCH_PATHS = "$(inherited) @executable_path/Frameworks";
				PRODUCT_BUNDLE_IDENTIFIER = ian.MemeMe;
				PRODUCT_NAME = MemeMe;
			};
			name = Debug;
		};
		3CB2C2231D271F9B008A3433 /* Release */ = {
			isa = XCBuildConfiguration;
			buildSettings = {
				ASSETCATALOG_COMPILER_APPICON_NAME = AppIcon;
				CODE_SIGN_IDENTITY = "iPhone Developer";
				INFOPLIST_FILE = imagePicker/Info.plist;
				LD_RUNPATH_SEARCH_PATHS = "$(inherited) @executable_path/Frameworks";
				PRODUCT_BUNDLE_IDENTIFIER = ian.MemeMe;
				PRODUCT_NAME = MemeMe;
			};
			name = Release;
		};
		3CB2C2251D271F9B008A3433 /* Debug */ = {
			isa = XCBuildConfiguration;
			buildSettings = {
				BUNDLE_LOADER = "$(TEST_HOST)";
				INFOPLIST_FILE = imagePickerTests/Info.plist;
				LD_RUNPATH_SEARCH_PATHS = "$(inherited) @executable_path/Frameworks @loader_path/Frameworks";
				PRODUCT_BUNDLE_IDENTIFIER = ian.imagePickerTests;
				PRODUCT_NAME = MemeMe;
				TEST_HOST = "$(BUILT_PRODUCTS_DIR)/MemeMe.app/MemeMe";
			};
			name = Debug;
		};
		3CB2C2261D271F9B008A3433 /* Release */ = {
			isa = XCBuildConfiguration;
			buildSettings = {
				BUNDLE_LOADER = "$(TEST_HOST)";
				INFOPLIST_FILE = imagePickerTests/Info.plist;
				LD_RUNPATH_SEARCH_PATHS = "$(inherited) @executable_path/Frameworks @loader_path/Frameworks";
				PRODUCT_BUNDLE_IDENTIFIER = ian.imagePickerTests;
				PRODUCT_NAME = MemeMe;
				TEST_HOST = "$(BUILT_PRODUCTS_DIR)/MemeMe.app/MemeMe";
			};
			name = Release;
		};
		3CB2C2281D271F9B008A3433 /* Debug */ = {
			isa = XCBuildConfiguration;
			buildSettings = {
				INFOPLIST_FILE = imagePickerUITests/Info.plist;
				LD_RUNPATH_SEARCH_PATHS = "$(inherited) @executable_path/Frameworks @loader_path/Frameworks";
				PRODUCT_BUNDLE_IDENTIFIER = ian.imagePickerUITests;
				PRODUCT_NAME = MemeMe;
				TEST_TARGET_NAME = imagePicker;
			};
			name = Debug;
		};
		3CB2C2291D271F9B008A3433 /* Release */ = {
			isa = XCBuildConfiguration;
			buildSettings = {
				INFOPLIST_FILE = imagePickerUITests/Info.plist;
				LD_RUNPATH_SEARCH_PATHS = "$(inherited) @executable_path/Frameworks @loader_path/Frameworks";
				PRODUCT_BUNDLE_IDENTIFIER = ian.imagePickerUITests;
				PRODUCT_NAME = MemeMe;
				TEST_TARGET_NAME = imagePicker;
			};
			name = Release;
		};
/* End XCBuildConfiguration section */

/* Begin XCConfigurationList section */
		3CB2C1F41D271F9A008A3433 /* Build configuration list for PBXProject "MemeMe" */ = {
			isa = XCConfigurationList;
			buildConfigurations = (
				3CB2C21F1D271F9B008A3433 /* Debug */,
				3CB2C2201D271F9B008A3433 /* Release */,
			);
			defaultConfigurationIsVisible = 0;
			defaultConfigurationName = Release;
		};
		3CB2C2211D271F9B008A3433 /* Build configuration list for PBXNativeTarget "MemeMe" */ = {
			isa = XCConfigurationList;
			buildConfigurations = (
				3CB2C2221D271F9B008A3433 /* Debug */,
				3CB2C2231D271F9B008A3433 /* Release */,
			);
			defaultConfigurationIsVisible = 0;
		};
		3CB2C2241D271F9B008A3433 /* Build configuration list for PBXNativeTarget "MemeMeTests" */ = {
			isa = XCConfigurationList;
			buildConfigurations = (
				3CB2C2251D271F9B008A3433 /* Debug */,
				3CB2C2261D271F9B008A3433 /* Release */,
			);
			defaultConfigurationIsVisible = 0;
		};
		3CB2C2271D271F9B008A3433 /* Build configuration list for PBXNativeTarget "MemeMeUITests" */ = {
			isa = XCConfigurationList;
			buildConfigurations = (
				3CB2C2281D271F9B008A3433 /* Debug */,
				3CB2C2291D271F9B008A3433 /* Release */,
			);
			defaultConfigurationIsVisible = 0;
		};
/* End XCConfigurationList section */
	};
	rootObject = 3CB2C1F11D271F9A008A3433 /* Project object */;
}
